
Microsoft Visual Studio Solution File, Format Version 12.00
# Visual Studio 2013
VisualStudioVersion = 12.0.40629.0
MinimumVisualStudioVersion = 10.0.40219.1
Project("{FAE04EC0-301F-11D3-BF4B-00C04F79EFBC}") = "CES.CoreApi.CustomerVerification.Service.Web", "CES.CoreApi.CustomerVerification.Service.Web\CES.CoreApi.CustomerVerification.Service.Web.csproj", "{6190095E-7534-42EC-B9FD-F9ECDB417E6B}"
EndProject
Project("{FAE04EC0-301F-11D3-BF4B-00C04F79EFBC}") = "CES.CoreApi.CustomerVerification.Service", "CES.CoreApi.CustomerVerification.Service\CES.CoreApi.CustomerVerification.Service.csproj", "{37CD3C6E-719E-4B94-BCDB-EA03F986E245}"
EndProject
Project("{FAE04EC0-301F-11D3-BF4B-00C04F79EFBC}") = "CES.CoreApi.CustomerVerification.Service.Contract", "CES.CoreApi.CustomerVerification.Service.Contract\CES.CoreApi.CustomerVerification.Service.Contract.csproj", "{3D9604E1-C7EA-4BDF-8460-2630AE0619D4}"
EndProject
Project("{FAE04EC0-301F-11D3-BF4B-00C04F79EFBC}") = "CES.CoreApi.CustomerVerification.Business.Logic", "CES.CoreApi.CustomerVerification.Business.Logic\CES.CoreApi.CustomerVerification.Business.Logic.csproj", "{E5F38BD0-BBCF-4BA3-84B2-FA2B9A0BC2C1}"
EndProject
Project("{FAE04EC0-301F-11D3-BF4B-00C04F79EFBC}") = "CES.CoreApi.CustomerVerification.Business.Contract", "CES.CoreApi.CustomerVerification.Business.Contract\CES.CoreApi.CustomerVerification.Business.Contract.csproj", "{98B40D8D-D42D-46B9-8D39-549590C74CC9}"
EndProject
Project("{2150E333-8FDC-42A3-9474-1A3956D46DE8}") = "Common", "Common", "{304060BD-6649-4B35-BB1C-D812EE6BEC30}"
EndProject
Project("{FAE04EC0-301F-11D3-BF4B-00C04F79EFBC}") = "CES.CoreApi.Caching", "..\Foundation\CES.CoreApi.Caching\CES.CoreApi.Caching.csproj", "{9FCF40A8-23F1-4272-9CAE-EFF674145F57}"
EndProject
Project("{FAE04EC0-301F-11D3-BF4B-00C04F79EFBC}") = "CES.CoreApi.Common", "..\Foundation\CES.CoreApi.Common\CES.CoreApi.Common.csproj", "{070C7BB2-AF07-4A4C-A9CC-6BFB8CA416E6}"
EndProject
Project("{FAE04EC0-301F-11D3-BF4B-00C04F79EFBC}") = "CES.CoreApi.Data", "..\Foundation\CES.CoreApi.Data\CES.CoreApi.Data.csproj", "{1AA5BA90-02CC-4FD1-81F2-615C374C83A5}"
EndProject
Project("{FAE04EC0-301F-11D3-BF4B-00C04F79EFBC}") = "CES.CoreApi.Foundation", "..\Foundation\CES.CoreApi.Foundation\CES.CoreApi.Foundation.csproj", "{E2B71A13-9683-4862-B2EB-31050190AFDC}"
EndProject
Project("{FAE04EC0-301F-11D3-BF4B-00C04F79EFBC}") = "CES.CoreApi.Foundation.Contract", "..\Foundation\CES.CoreApi.Foundation.Contract\CES.CoreApi.Foundation.Contract.csproj", "{8DBCFE15-CA3B-4F7C-A7D6-D73F8F0B91AA}"
EndProject
Project("{FAE04EC0-301F-11D3-BF4B-00C04F79EFBC}") = "CES.CoreApi.Logging", "..\Foundation\CES.CoreApi.Logging\CES.CoreApi.Logging.csproj", "{76762A04-54F0-4147-BD2B-267372034706}"
EndProject
Project("{FAE04EC0-301F-11D3-BF4B-00C04F79EFBC}") = "CES.CoreApi.SimpleInjectorProxy", "..\Foundation\CES.CoreApi.SimpleInjectorProxy\CES.CoreApi.SimpleInjectorProxy.csproj", "{02BEAA68-76A1-4ED6-BF6C-7B6935165AD6}"
EndProject
Project("{2150E333-8FDC-42A3-9474-1A3956D46DE8}") = "Shared", "Shared", "{A44DE506-0193-49AC-B21F-E3C4C6FF0CE1}"
EndProject
Project("{FAE04EC0-301F-11D3-BF4B-00C04F79EFBC}") = "CES.CoreApi.Shared.Business.Contract", "..\Shared\CES.CoreApi.Shared.Business.Contract\CES.CoreApi.Shared.Business.Contract.csproj", "{AE43A830-4DE7-4B13-A462-9C3F85FBE7D4}"
EndProject
Project("{2150E333-8FDC-42A3-9474-1A3956D46DE8}") = ".nuget", ".nuget", "{8F2FBC74-D31D-4845-82AC-1A6B41311D14}"
	ProjectSection(SolutionItems) = preProject
		.nuget\NuGet.Config = .nuget\NuGet.Config
		.nuget\NuGet.exe = .nuget\NuGet.exe
		.nuget\NuGet.targets = .nuget\NuGet.targets
	EndProjectSection
EndProject
Global
	GlobalSection(SolutionConfigurationPlatforms) = preSolution
		Debug|Any CPU = Debug|Any CPU
		Release|Any CPU = Release|Any CPU
	EndGlobalSection
	GlobalSection(ProjectConfigurationPlatforms) = postSolution
		{6190095E-7534-42EC-B9FD-F9ECDB417E6B}.Debug|Any CPU.ActiveCfg = Debug|Any CPU
		{6190095E-7534-42EC-B9FD-F9ECDB417E6B}.Debug|Any CPU.Build.0 = Debug|Any CPU
		{6190095E-7534-42EC-B9FD-F9ECDB417E6B}.Release|Any CPU.ActiveCfg = Release|Any CPU
		{6190095E-7534-42EC-B9FD-F9ECDB417E6B}.Release|Any CPU.Build.0 = Release|Any CPU
		{37CD3C6E-719E-4B94-BCDB-EA03F986E245}.Debug|Any CPU.ActiveCfg = Debug|Any CPU
		{37CD3C6E-719E-4B94-BCDB-EA03F986E245}.Debug|Any CPU.Build.0 = Debug|Any CPU
		{37CD3C6E-719E-4B94-BCDB-EA03F986E245}.Release|Any CPU.ActiveCfg = Release|Any CPU
		{37CD3C6E-719E-4B94-BCDB-EA03F986E245}.Release|Any CPU.Build.0 = Release|Any CPU
		{3D9604E1-C7EA-4BDF-8460-2630AE0619D4}.Debug|Any CPU.ActiveCfg = Debug|Any CPU
		{3D9604E1-C7EA-4BDF-8460-2630AE0619D4}.Debug|Any CPU.Build.0 = Debug|Any CPU
		{3D9604E1-C7EA-4BDF-8460-2630AE0619D4}.Release|Any CPU.ActiveCfg = Release|Any CPU
		{3D9604E1-C7EA-4BDF-8460-2630AE0619D4}.Release|Any CPU.Build.0 = Release|Any CPU
		{E5F38BD0-BBCF-4BA3-84B2-FA2B9A0BC2C1}.Debug|Any CPU.ActiveCfg = Debug|Any CPU
		{E5F38BD0-BBCF-4BA3-84B2-FA2B9A0BC2C1}.Debug|Any CPU.Build.0 = Debug|Any CPU
		{E5F38BD0-BBCF-4BA3-84B2-FA2B9A0BC2C1}.Release|Any CPU.ActiveCfg = Release|Any CPU
		{E5F38BD0-BBCF-4BA3-84B2-FA2B9A0BC2C1}.Release|Any CPU.Build.0 = Release|Any CPU
		{98B40D8D-D42D-46B9-8D39-549590C74CC9}.Debug|Any CPU.ActiveCfg = Debug|Any CPU
		{98B40D8D-D42D-46B9-8D39-549590C74CC9}.Debug|Any CPU.Build.0 = Debug|Any CPU
		{98B40D8D-D42D-46B9-8D39-549590C74CC9}.Release|Any CPU.ActiveCfg = Release|Any CPU
		{98B40D8D-D42D-46B9-8D39-549590C74CC9}.Release|Any CPU.Build.0 = Release|Any CPU
		{9FCF40A8-23F1-4272-9CAE-EFF674145F57}.Debug|Any CPU.ActiveCfg = Debug|Any CPU
		{9FCF40A8-23F1-4272-9CAE-EFF674145F57}.Debug|Any CPU.Build.0 = Debug|Any CPU
		{9FCF40A8-23F1-4272-9CAE-EFF674145F57}.Release|Any CPU.ActiveCfg = Release|Any CPU
		{9FCF40A8-23F1-4272-9CAE-EFF674145F57}.Release|Any CPU.Build.0 = Release|Any CPU
		{070C7BB2-AF07-4A4C-A9CC-6BFB8CA416E6}.Debug|Any CPU.ActiveCfg = Debug|Any CPU
		{070C7BB2-AF07-4A4C-A9CC-6BFB8CA416E6}.Debug|Any CPU.Build.0 = Debug|Any CPU
		{070C7BB2-AF07-4A4C-A9CC-6BFB8CA416E6}.Release|Any CPU.ActiveCfg = Release|Any CPU
		{070C7BB2-AF07-4A4C-A9CC-6BFB8CA416E6}.Release|Any CPU.Build.0 = Release|Any CPU
		{1AA5BA90-02CC-4FD1-81F2-615C374C83A5}.Debug|Any CPU.ActiveCfg = Debug|Any CPU
		{1AA5BA90-02CC-4FD1-81F2-615C374C83A5}.Debug|Any CPU.Build.0 = Debug|Any CPU
		{1AA5BA90-02CC-4FD1-81F2-615C374C83A5}.Release|Any CPU.ActiveCfg = Release|Any CPU
		{1AA5BA90-02CC-4FD1-81F2-615C374C83A5}.Release|Any CPU.Build.0 = Release|Any CPU
		{E2B71A13-9683-4862-B2EB-31050190AFDC}.Debug|Any CPU.ActiveCfg = Debug|Any CPU
		{E2B71A13-9683-4862-B2EB-31050190AFDC}.Debug|Any CPU.Build.0 = Debug|Any CPU
		{E2B71A13-9683-4862-B2EB-31050190AFDC}.Release|Any CPU.ActiveCfg = Release|Any CPU
		{E2B71A13-9683-4862-B2EB-31050190AFDC}.Release|Any CPU.Build.0 = Release|Any CPU
		{8DBCFE15-CA3B-4F7C-A7D6-D73F8F0B91AA}.Debug|Any CPU.ActiveCfg = Debug|Any CPU
		{8DBCFE15-CA3B-4F7C-A7D6-D73F8F0B91AA}.Debug|Any CPU.Build.0 = Debug|Any CPU
		{8DBCFE15-CA3B-4F7C-A7D6-D73F8F0B91AA}.Release|Any CPU.ActiveCfg = Release|Any CPU
		{8DBCFE15-CA3B-4F7C-A7D6-D73F8F0B91AA}.Release|Any CPU.Build.0 = Release|Any CPU
		{76762A04-54F0-4147-BD2B-267372034706}.Debug|Any CPU.ActiveCfg = Debug|Any CPU
		{76762A04-54F0-4147-BD2B-267372034706}.Debug|Any CPU.Build.0 = Debug|Any CPU
		{76762A04-54F0-4147-BD2B-267372034706}.Release|Any CPU.ActiveCfg = Release|Any CPU
		{76762A04-54F0-4147-BD2B-267372034706}.Release|Any CPU.Build.0 = Release|Any CPU
		{02BEAA68-76A1-4ED6-BF6C-7B6935165AD6}.Debug|Any CPU.ActiveCfg = Debug|Any CPU
		{02BEAA68-76A1-4ED6-BF6C-7B6935165AD6}.Debug|Any CPU.Build.0 = Debug|Any CPU
		{02BEAA68-76A1-4ED6-BF6C-7B6935165AD6}.Release|Any CPU.ActiveCfg = Release|Any CPU
		{02BEAA68-76A1-4ED6-BF6C-7B6935165AD6}.Release|Any CPU.Build.0 = Release|Any CPU
		{AE43A830-4DE7-4B13-A462-9C3F85FBE7D4}.Debug|Any CPU.ActiveCfg = Debug|Any CPU
		{AE43A830-4DE7-4B13-A462-9C3F85FBE7D4}.Debug|Any CPU.Build.0 = Debug|Any CPU
		{AE43A830-4DE7-4B13-A462-9C3F85FBE7D4}.Release|Any CPU.ActiveCfg = Release|Any CPU
		{AE43A830-4DE7-4B13-A462-9C3F85FBE7D4}.Release|Any CPU.Build.0 = Release|Any CPU
	EndGlobalSection
	GlobalSection(SolutionProperties) = preSolution
		HideSolutionNode = FALSE
	EndGlobalSection
	GlobalSection(NestedProjects) = preSolution
		{9FCF40A8-23F1-4272-9CAE-EFF674145F57} = {304060BD-6649-4B35-BB1C-D812EE6BEC30}
		{070C7BB2-AF07-4A4C-A9CC-6BFB8CA416E6} = {304060BD-6649-4B35-BB1C-D812EE6BEC30}
		{1AA5BA90-02CC-4FD1-81F2-615C374C83A5} = {304060BD-6649-4B35-BB1C-D812EE6BEC30}
		{E2B71A13-9683-4862-B2EB-31050190AFDC} = {304060BD-6649-4B35-BB1C-D812EE6BEC30}
		{8DBCFE15-CA3B-4F7C-A7D6-D73F8F0B91AA} = {304060BD-6649-4B35-BB1C-D812EE6BEC30}
		{76762A04-54F0-4147-BD2B-267372034706} = {304060BD-6649-4B35-BB1C-D812EE6BEC30}
		{02BEAA68-76A1-4ED6-BF6C-7B6935165AD6} = {304060BD-6649-4B35-BB1C-D812EE6BEC30}
		{AE43A830-4DE7-4B13-A462-9C3F85FBE7D4} = {A44DE506-0193-49AC-B21F-E3C4C6FF0CE1}
	EndGlobalSection
EndGlobal
