
Microsoft Visual Studio Solution File, Format Version 12.00
# Visual Studio 14
VisualStudioVersion = 14.0.25420.1
MinimumVisualStudioVersion = 10.0.40219.1
Project("{FAE04EC0-301F-11D3-BF4B-00C04F79EFBC}") = "CES.CoreApi.Receipt_Main", "CES.CoreApi.Receipt_Main\CES.CoreApi.Receipt_Main.csproj", "{55BF8FE7-E012-4DC0-A90A-458F992610E5}"
	ProjectSection(ProjectDependencies) = postProject
		{0425505A-B947-4575-BF39-0F633F40C42D} = {0425505A-B947-4575-BF39-0F633F40C42D}
		{89F0FCE4-56DE-41C2-9942-52739242C3B2} = {89F0FCE4-56DE-41C2-9942-52739242C3B2}
		{6101F4E8-E19B-48FF-80A1-0ACDDB73653A} = {6101F4E8-E19B-48FF-80A1-0ACDDB73653A}
	EndProjectSection
EndProject
Project("{FAE04EC0-301F-11D3-BF4B-00C04F79EFBC}") = "CES.CoreApi.Receipt_MainTests", "CES.CoreApi.Receipt_MainTests\CES.CoreApi.Receipt_MainTests.csproj", "{A5C28AE2-0786-4218-A2A3-F95BA13DE2C9}"
	ProjectSection(ProjectDependencies) = postProject
		{0425505A-B947-4575-BF39-0F633F40C42D} = {0425505A-B947-4575-BF39-0F633F40C42D}
		{89F0FCE4-56DE-41C2-9942-52739242C3B2} = {89F0FCE4-56DE-41C2-9942-52739242C3B2}
		{6101F4E8-E19B-48FF-80A1-0ACDDB73653A} = {6101F4E8-E19B-48FF-80A1-0ACDDB73653A}
	EndProjectSection
EndProject
Project("{FAE04EC0-301F-11D3-BF4B-00C04F79EFBC}") = "CES.CoreApi.Receipt_Main.UI.WPF", "CES.CoreApi.Receipt_Main.UI.WPF\CES.CoreApi.Receipt_Main.UI.WPF.csproj", "{9C1DB4EE-DC86-4E9D-AFA1-4AAE36504A5A}"
EndProject
Project("{FAE04EC0-301F-11D3-BF4B-00C04F79EFBC}") = "CES.CoreApi.Receipt_Main.Repository", "CES.CoreApi.Receipt_Main.Repository\CES.CoreApi.Receipt_Main.Repository.csproj", "{89F0FCE4-56DE-41C2-9942-52739242C3B2}"
EndProject
Project("{FAE04EC0-301F-11D3-BF4B-00C04F79EFBC}") = "CES.CoreApi.Receipt_Main.Model", "CES.CoreApi.Receipt_Main.Model\CES.CoreApi.Receipt_Main.Model.csproj", "{6101F4E8-E19B-48FF-80A1-0ACDDB73653A}"
EndProject
Project("{FAE04EC0-301F-11D3-BF4B-00C04F79EFBC}") = "CES.CoreApi.Receipt_Main.Domain", "CES.CoreApi.Receipt_Main.Domain\CES.CoreApi.Receipt_Main.Domain.csproj", "{0425505A-B947-4575-BF39-0F633F40C42D}"
EndProject
Project("{FAE04EC0-301F-11D3-BF4B-00C04F79EFBC}") = "WpfDemoCargaLocalDb", "CES.CoreApi.Receipt_Main.DemoWpfLoadLocalDb\DemoWpfLoadLocalDb\WpfDemoCargaLocalDb.csproj", "{FBC0FC39-ABF0-451A-9920-72DD9D493A8F}"
EndProject
Global
	GlobalSection(SolutionConfigurationPlatforms) = preSolution
		Debug|Any CPU = Debug|Any CPU
		Release|Any CPU = Release|Any CPU
	EndGlobalSection
	GlobalSection(ProjectConfigurationPlatforms) = postSolution
		{55BF8FE7-E012-4DC0-A90A-458F992610E5}.Debug|Any CPU.ActiveCfg = Debug|Any CPU
		{55BF8FE7-E012-4DC0-A90A-458F992610E5}.Debug|Any CPU.Build.0 = Debug|Any CPU
		{55BF8FE7-E012-4DC0-A90A-458F992610E5}.Release|Any CPU.ActiveCfg = Release|Any CPU
		{55BF8FE7-E012-4DC0-A90A-458F992610E5}.Release|Any CPU.Build.0 = Release|Any CPU
		{A5C28AE2-0786-4218-A2A3-F95BA13DE2C9}.Debug|Any CPU.ActiveCfg = Debug|Any CPU
		{A5C28AE2-0786-4218-A2A3-F95BA13DE2C9}.Debug|Any CPU.Build.0 = Debug|Any CPU
		{A5C28AE2-0786-4218-A2A3-F95BA13DE2C9}.Release|Any CPU.ActiveCfg = Release|Any CPU
		{A5C28AE2-0786-4218-A2A3-F95BA13DE2C9}.Release|Any CPU.Build.0 = Release|Any CPU
		{9C1DB4EE-DC86-4E9D-AFA1-4AAE36504A5A}.Debug|Any CPU.ActiveCfg = Debug|Any CPU
		{9C1DB4EE-DC86-4E9D-AFA1-4AAE36504A5A}.Debug|Any CPU.Build.0 = Debug|Any CPU
		{9C1DB4EE-DC86-4E9D-AFA1-4AAE36504A5A}.Release|Any CPU.ActiveCfg = Release|Any CPU
		{9C1DB4EE-DC86-4E9D-AFA1-4AAE36504A5A}.Release|Any CPU.Build.0 = Release|Any CPU
		{89F0FCE4-56DE-41C2-9942-52739242C3B2}.Debug|Any CPU.ActiveCfg = Debug|Any CPU
		{89F0FCE4-56DE-41C2-9942-52739242C3B2}.Debug|Any CPU.Build.0 = Debug|Any CPU
		{89F0FCE4-56DE-41C2-9942-52739242C3B2}.Release|Any CPU.ActiveCfg = Release|Any CPU
		{89F0FCE4-56DE-41C2-9942-52739242C3B2}.Release|Any CPU.Build.0 = Release|Any CPU
		{6101F4E8-E19B-48FF-80A1-0ACDDB73653A}.Debug|Any CPU.ActiveCfg = Debug|Any CPU
		{6101F4E8-E19B-48FF-80A1-0ACDDB73653A}.Debug|Any CPU.Build.0 = Debug|Any CPU
		{6101F4E8-E19B-48FF-80A1-0ACDDB73653A}.Release|Any CPU.ActiveCfg = Release|Any CPU
		{6101F4E8-E19B-48FF-80A1-0ACDDB73653A}.Release|Any CPU.Build.0 = Release|Any CPU
		{0425505A-B947-4575-BF39-0F633F40C42D}.Debug|Any CPU.ActiveCfg = Debug|Any CPU
		{0425505A-B947-4575-BF39-0F633F40C42D}.Debug|Any CPU.Build.0 = Debug|Any CPU
		{0425505A-B947-4575-BF39-0F633F40C42D}.Release|Any CPU.ActiveCfg = Release|Any CPU
		{0425505A-B947-4575-BF39-0F633F40C42D}.Release|Any CPU.Build.0 = Release|Any CPU
		{FBC0FC39-ABF0-451A-9920-72DD9D493A8F}.Debug|Any CPU.ActiveCfg = Debug|Any CPU
		{FBC0FC39-ABF0-451A-9920-72DD9D493A8F}.Debug|Any CPU.Build.0 = Debug|Any CPU
		{FBC0FC39-ABF0-451A-9920-72DD9D493A8F}.Release|Any CPU.ActiveCfg = Release|Any CPU
		{FBC0FC39-ABF0-451A-9920-72DD9D493A8F}.Release|Any CPU.Build.0 = Release|Any CPU
	EndGlobalSection
	GlobalSection(SolutionProperties) = preSolution
		HideSolutionNode = FALSE
	EndGlobalSection
EndGlobal
