
Microsoft Visual Studio Solution File, Format Version 12.00
# Visual Studio 14
VisualStudioVersion = 14.0.24720.0
MinimumVisualStudioVersion = 10.0.40219.1
Project("{FAE04EC0-301F-11D3-BF4B-00C04F79EFBC}") = "CES.CoreApi.GeoLocation.Service", "CES.CoreApi.GeoLocation.Service\CES.CoreApi.GeoLocation.Service.csproj", "{95DE1DA5-4826-4FAE-BE0E-7A4C6AC69C53}"
EndProject
Project("{2150E333-8FDC-42A3-9474-1A3956D46DE8}") = "4_Crosscutting", "4_Crosscutting", "{9B65F4D3-1728-4FF1-A2F2-DA4DF6270431}"
EndProject
Project("{FAE04EC0-301F-11D3-BF4B-00C04F79EFBC}") = "CES.CoreApi.GeoLocation.Service.Contract", "CES.CoreApi.GeoLocation.Service.Contract\CES.CoreApi.GeoLocation.Service.Contract.csproj", "{E0888526-1DC6-4693-88A3-7347A99BC018}"
EndProject
Project("{FAE04EC0-301F-11D3-BF4B-00C04F79EFBC}") = "CES.CoreApi.GeoLocation.Service.Business.Logic", "CES.CoreApi.GeoLocation.Service.Business.Logic\CES.CoreApi.GeoLocation.Service.Business.Logic.csproj", "{57496880-9C9B-448F-8C08-026214CF85EB}"
EndProject
Project("{FAE04EC0-301F-11D3-BF4B-00C04F79EFBC}") = "CES.CoreApi.GeoLocation.Service.Business.Contract", "CES.CoreApi.GeoLocation.Service.Business.Contract\CES.CoreApi.GeoLocation.Service.Business.Contract.csproj", "{F1C8C7B5-94B0-4344-B4C1-220E1BB82976}"
EndProject
Project("{2150E333-8FDC-42A3-9474-1A3956D46DE8}") = ".nuget", ".nuget", "{290DB366-45DE-4AFE-94E3-C5EFF237B529}"
	ProjectSection(SolutionItems) = preProject
		.nuget\NuGet.Config = .nuget\NuGet.Config
		.nuget\NuGet.exe = .nuget\NuGet.exe
		.nuget\NuGet.targets = .nuget\NuGet.targets
	EndProjectSection
EndProject
Project("{2150E333-8FDC-42A3-9474-1A3956D46DE8}") = "Tests", "Tests", "{88A7196A-847A-4876-975E-F5EE494AAC9A}"
EndProject
Project("{FAE04EC0-301F-11D3-BF4B-00C04F79EFBC}") = "CES.CoreApi.GeoLocation.Service.UnitTest", "CES.CoreApi.GeoLocation.Service.UnitTest\CES.CoreApi.GeoLocation.Service.UnitTest.csproj", "{F2CFC985-F010-4F5C-872B-13BE0F18DFD3}"
EndProject
Project("{FAE04EC0-301F-11D3-BF4B-00C04F79EFBC}") = "CES.CoreApi.GeoLocation.Service.Business.Logic.UnitTest", "CES.CoreApi.GeoLocation.Service.Business.Logic.UnitTest\CES.CoreApi.GeoLocation.Service.Business.Logic.UnitTest.csproj", "{F68764BB-D337-4A3A-8775-1A96BB3087EB}"
EndProject
Project("{FAE04EC0-301F-11D3-BF4B-00C04F79EFBC}") = "CES.CoreApi.GeoLocation.Service.UnitTestTools", "CES.CoreApi.GeoLocation.Service.UnitTestTools\CES.CoreApi.GeoLocation.Service.UnitTestTools.csproj", "{1F6D413B-CFE0-48FF-9DC7-CF1436DF9C34}"
EndProject
Project("{FAE04EC0-301F-11D3-BF4B-00C04F79EFBC}") = "CES.CoreApi.Caching", "..\Foundation\CES.CoreApi.Caching\CES.CoreApi.Caching.csproj", "{9FCF40A8-23F1-4272-9CAE-EFF674145F57}"
EndProject
Project("{FAE04EC0-301F-11D3-BF4B-00C04F79EFBC}") = "CES.CoreApi.Common", "..\Foundation\CES.CoreApi.Common\CES.CoreApi.Common.csproj", "{070C7BB2-AF07-4A4C-A9CC-6BFB8CA416E6}"
EndProject
Project("{FAE04EC0-301F-11D3-BF4B-00C04F79EFBC}") = "CES.CoreApi.Data", "..\Foundation\CES.CoreApi.Data\CES.CoreApi.Data.csproj", "{1AA5BA90-02CC-4FD1-81F2-615C374C83A5}"
EndProject
Project("{FAE04EC0-301F-11D3-BF4B-00C04F79EFBC}") = "CES.CoreApi.Foundation", "..\Foundation\CES.CoreApi.Foundation\CES.CoreApi.Foundation.csproj", "{E2B71A13-9683-4862-B2EB-31050190AFDC}"
EndProject
Project("{FAE04EC0-301F-11D3-BF4B-00C04F79EFBC}") = "CES.CoreApi.Foundation.Contract", "..\Foundation\CES.CoreApi.Foundation.Contract\CES.CoreApi.Foundation.Contract.csproj", "{8DBCFE15-CA3B-4F7C-A7D6-D73F8F0B91AA}"
EndProject
Project("{FAE04EC0-301F-11D3-BF4B-00C04F79EFBC}") = "CES.CoreApi.Logging", "..\Foundation\CES.CoreApi.Logging\CES.CoreApi.Logging.csproj", "{76762A04-54F0-4147-BD2B-267372034706}"
EndProject
Project("{FAE04EC0-301F-11D3-BF4B-00C04F79EFBC}") = "CES.CoreApi.UnityProxy", "..\Foundation\CES.CoreApi.UnityProxy\CES.CoreApi.UnityProxy.csproj", "{BEFA4246-E001-4C23-9818-D0302A0D1926}"
EndProject
Project("{FAE04EC0-301F-11D3-BF4B-00C04F79EFBC}") = "CES.CoreApi.SimpleInjectorProxy", "..\Foundation\CES.CoreApi.SimpleInjectorProxy\CES.CoreApi.SimpleInjectorProxy.csproj", "{02BEAA68-76A1-4ED6-BF6C-7B6935165AD6}"
EndProject
Project("{FAE04EC0-301F-11D3-BF4B-00C04F79EFBC}") = "CES.CoreApi.GeoLocation.Service.Web", "CES.CoreApi.GeoLocation.Service.Web\CES.CoreApi.GeoLocation.Service.Web.csproj", "{8F71176E-C3E6-4759-A354-5E7E3E4B0658}"
EndProject
Project("{FAE04EC0-301F-11D3-BF4B-00C04F79EFBC}") = "CES.CoreApi.GeoLocation.Api", "CES.CoreApi.GeoLocation.Api\CES.CoreApi.GeoLocation.Api.csproj", "{544EA150-4E44-42A5-A562-B0698C21DE77}"
EndProject
Project("{FAE04EC0-301F-11D3-BF4B-00C04F79EFBC}") = "CES.CoreApi.GeoLocation.Api.Tests", "CES.CoreApi.GeoLocation.Api.Tests\CES.CoreApi.GeoLocation.Api.Tests.csproj", "{E551BCC9-D0AA-45A6-BA1B-2D944BC9C0E6}"
EndProject
Project("{2150E333-8FDC-42A3-9474-1A3956D46DE8}") = "1_DistributedServices", "1_DistributedServices", "{AD4EF941-E12E-4AB5-A0F9-4076107CA1DE}"
EndProject
Project("{2150E333-8FDC-42A3-9474-1A3956D46DE8}") = "3_Business", "3_Business", "{3F8CDCBF-3A47-4A47-A622-A5AAC46EAABC}"
EndProject
Project("{2150E333-8FDC-42A3-9474-1A3956D46DE8}") = "2_Application", "2_Application", "{9FA49D56-EDFD-4E60-B71B-9CE0ABC2D813}"
EndProject
Global
	GlobalSection(SolutionConfigurationPlatforms) = preSolution
		Debug|Any CPU = Debug|Any CPU
		Release|Any CPU = Release|Any CPU
	EndGlobalSection
	GlobalSection(ProjectConfigurationPlatforms) = postSolution
		{95DE1DA5-4826-4FAE-BE0E-7A4C6AC69C53}.Debug|Any CPU.ActiveCfg = Debug|Any CPU
		{95DE1DA5-4826-4FAE-BE0E-7A4C6AC69C53}.Debug|Any CPU.Build.0 = Debug|Any CPU
		{95DE1DA5-4826-4FAE-BE0E-7A4C6AC69C53}.Release|Any CPU.ActiveCfg = Release|Any CPU
		{95DE1DA5-4826-4FAE-BE0E-7A4C6AC69C53}.Release|Any CPU.Build.0 = Release|Any CPU
		{E0888526-1DC6-4693-88A3-7347A99BC018}.Debug|Any CPU.ActiveCfg = Debug|Any CPU
		{E0888526-1DC6-4693-88A3-7347A99BC018}.Debug|Any CPU.Build.0 = Debug|Any CPU
		{E0888526-1DC6-4693-88A3-7347A99BC018}.Release|Any CPU.ActiveCfg = Release|Any CPU
		{E0888526-1DC6-4693-88A3-7347A99BC018}.Release|Any CPU.Build.0 = Release|Any CPU
		{57496880-9C9B-448F-8C08-026214CF85EB}.Debug|Any CPU.ActiveCfg = Debug|Any CPU
		{57496880-9C9B-448F-8C08-026214CF85EB}.Debug|Any CPU.Build.0 = Debug|Any CPU
		{57496880-9C9B-448F-8C08-026214CF85EB}.Release|Any CPU.ActiveCfg = Release|Any CPU
		{57496880-9C9B-448F-8C08-026214CF85EB}.Release|Any CPU.Build.0 = Release|Any CPU
		{F1C8C7B5-94B0-4344-B4C1-220E1BB82976}.Debug|Any CPU.ActiveCfg = Debug|Any CPU
		{F1C8C7B5-94B0-4344-B4C1-220E1BB82976}.Debug|Any CPU.Build.0 = Debug|Any CPU
		{F1C8C7B5-94B0-4344-B4C1-220E1BB82976}.Release|Any CPU.ActiveCfg = Release|Any CPU
		{F1C8C7B5-94B0-4344-B4C1-220E1BB82976}.Release|Any CPU.Build.0 = Release|Any CPU
		{F2CFC985-F010-4F5C-872B-13BE0F18DFD3}.Debug|Any CPU.ActiveCfg = Debug|Any CPU
		{F2CFC985-F010-4F5C-872B-13BE0F18DFD3}.Debug|Any CPU.Build.0 = Debug|Any CPU
		{F2CFC985-F010-4F5C-872B-13BE0F18DFD3}.Release|Any CPU.ActiveCfg = Release|Any CPU
		{F2CFC985-F010-4F5C-872B-13BE0F18DFD3}.Release|Any CPU.Build.0 = Release|Any CPU
		{F68764BB-D337-4A3A-8775-1A96BB3087EB}.Debug|Any CPU.ActiveCfg = Debug|Any CPU
		{F68764BB-D337-4A3A-8775-1A96BB3087EB}.Debug|Any CPU.Build.0 = Debug|Any CPU
		{F68764BB-D337-4A3A-8775-1A96BB3087EB}.Release|Any CPU.ActiveCfg = Release|Any CPU
		{F68764BB-D337-4A3A-8775-1A96BB3087EB}.Release|Any CPU.Build.0 = Release|Any CPU
		{1F6D413B-CFE0-48FF-9DC7-CF1436DF9C34}.Debug|Any CPU.ActiveCfg = Debug|Any CPU
		{1F6D413B-CFE0-48FF-9DC7-CF1436DF9C34}.Debug|Any CPU.Build.0 = Debug|Any CPU
		{1F6D413B-CFE0-48FF-9DC7-CF1436DF9C34}.Release|Any CPU.ActiveCfg = Release|Any CPU
		{1F6D413B-CFE0-48FF-9DC7-CF1436DF9C34}.Release|Any CPU.Build.0 = Release|Any CPU
		{9FCF40A8-23F1-4272-9CAE-EFF674145F57}.Debug|Any CPU.ActiveCfg = Debug|Any CPU
		{9FCF40A8-23F1-4272-9CAE-EFF674145F57}.Debug|Any CPU.Build.0 = Debug|Any CPU
		{9FCF40A8-23F1-4272-9CAE-EFF674145F57}.Release|Any CPU.ActiveCfg = Release|Any CPU
		{9FCF40A8-23F1-4272-9CAE-EFF674145F57}.Release|Any CPU.Build.0 = Release|Any CPU
		{070C7BB2-AF07-4A4C-A9CC-6BFB8CA416E6}.Debug|Any CPU.ActiveCfg = Debug|Any CPU
		{070C7BB2-AF07-4A4C-A9CC-6BFB8CA416E6}.Debug|Any CPU.Build.0 = Debug|Any CPU
		{070C7BB2-AF07-4A4C-A9CC-6BFB8CA416E6}.Release|Any CPU.ActiveCfg = Release|Any CPU
		{070C7BB2-AF07-4A4C-A9CC-6BFB8CA416E6}.Release|Any CPU.Build.0 = Release|Any CPU
		{1AA5BA90-02CC-4FD1-81F2-615C374C83A5}.Debug|Any CPU.ActiveCfg = Debug|Any CPU
		{1AA5BA90-02CC-4FD1-81F2-615C374C83A5}.Debug|Any CPU.Build.0 = Debug|Any CPU
		{1AA5BA90-02CC-4FD1-81F2-615C374C83A5}.Release|Any CPU.ActiveCfg = Release|Any CPU
		{1AA5BA90-02CC-4FD1-81F2-615C374C83A5}.Release|Any CPU.Build.0 = Release|Any CPU
		{E2B71A13-9683-4862-B2EB-31050190AFDC}.Debug|Any CPU.ActiveCfg = Debug|Any CPU
		{E2B71A13-9683-4862-B2EB-31050190AFDC}.Debug|Any CPU.Build.0 = Debug|Any CPU
		{E2B71A13-9683-4862-B2EB-31050190AFDC}.Release|Any CPU.ActiveCfg = Release|Any CPU
		{E2B71A13-9683-4862-B2EB-31050190AFDC}.Release|Any CPU.Build.0 = Release|Any CPU
		{8DBCFE15-CA3B-4F7C-A7D6-D73F8F0B91AA}.Debug|Any CPU.ActiveCfg = Debug|Any CPU
		{8DBCFE15-CA3B-4F7C-A7D6-D73F8F0B91AA}.Debug|Any CPU.Build.0 = Debug|Any CPU
		{8DBCFE15-CA3B-4F7C-A7D6-D73F8F0B91AA}.Release|Any CPU.ActiveCfg = Release|Any CPU
		{8DBCFE15-CA3B-4F7C-A7D6-D73F8F0B91AA}.Release|Any CPU.Build.0 = Release|Any CPU
		{76762A04-54F0-4147-BD2B-267372034706}.Debug|Any CPU.ActiveCfg = Debug|Any CPU
		{76762A04-54F0-4147-BD2B-267372034706}.Debug|Any CPU.Build.0 = Debug|Any CPU
		{76762A04-54F0-4147-BD2B-267372034706}.Release|Any CPU.ActiveCfg = Release|Any CPU
		{76762A04-54F0-4147-BD2B-267372034706}.Release|Any CPU.Build.0 = Release|Any CPU
		{BEFA4246-E001-4C23-9818-D0302A0D1926}.Debug|Any CPU.ActiveCfg = Debug|Any CPU
		{BEFA4246-E001-4C23-9818-D0302A0D1926}.Debug|Any CPU.Build.0 = Debug|Any CPU
		{BEFA4246-E001-4C23-9818-D0302A0D1926}.Release|Any CPU.ActiveCfg = Release|Any CPU
		{BEFA4246-E001-4C23-9818-D0302A0D1926}.Release|Any CPU.Build.0 = Release|Any CPU
		{02BEAA68-76A1-4ED6-BF6C-7B6935165AD6}.Debug|Any CPU.ActiveCfg = Debug|Any CPU
		{02BEAA68-76A1-4ED6-BF6C-7B6935165AD6}.Debug|Any CPU.Build.0 = Debug|Any CPU
		{02BEAA68-76A1-4ED6-BF6C-7B6935165AD6}.Release|Any CPU.ActiveCfg = Release|Any CPU
		{02BEAA68-76A1-4ED6-BF6C-7B6935165AD6}.Release|Any CPU.Build.0 = Release|Any CPU
		{8F71176E-C3E6-4759-A354-5E7E3E4B0658}.Debug|Any CPU.ActiveCfg = Debug|Any CPU
		{8F71176E-C3E6-4759-A354-5E7E3E4B0658}.Debug|Any CPU.Build.0 = Debug|Any CPU
		{8F71176E-C3E6-4759-A354-5E7E3E4B0658}.Release|Any CPU.ActiveCfg = Release|Any CPU
		{8F71176E-C3E6-4759-A354-5E7E3E4B0658}.Release|Any CPU.Build.0 = Release|Any CPU
		{544EA150-4E44-42A5-A562-B0698C21DE77}.Debug|Any CPU.ActiveCfg = Debug|Any CPU
		{544EA150-4E44-42A5-A562-B0698C21DE77}.Debug|Any CPU.Build.0 = Debug|Any CPU
		{544EA150-4E44-42A5-A562-B0698C21DE77}.Release|Any CPU.ActiveCfg = Release|Any CPU
		{544EA150-4E44-42A5-A562-B0698C21DE77}.Release|Any CPU.Build.0 = Release|Any CPU
		{E551BCC9-D0AA-45A6-BA1B-2D944BC9C0E6}.Debug|Any CPU.ActiveCfg = Debug|Any CPU
		{E551BCC9-D0AA-45A6-BA1B-2D944BC9C0E6}.Debug|Any CPU.Build.0 = Debug|Any CPU
		{E551BCC9-D0AA-45A6-BA1B-2D944BC9C0E6}.Release|Any CPU.ActiveCfg = Release|Any CPU
		{E551BCC9-D0AA-45A6-BA1B-2D944BC9C0E6}.Release|Any CPU.Build.0 = Release|Any CPU
	EndGlobalSection
	GlobalSection(SolutionProperties) = preSolution
		HideSolutionNode = FALSE
	EndGlobalSection
	GlobalSection(NestedProjects) = preSolution
		{95DE1DA5-4826-4FAE-BE0E-7A4C6AC69C53} = {9FA49D56-EDFD-4E60-B71B-9CE0ABC2D813}
		{E0888526-1DC6-4693-88A3-7347A99BC018} = {9FA49D56-EDFD-4E60-B71B-9CE0ABC2D813}
		{57496880-9C9B-448F-8C08-026214CF85EB} = {3F8CDCBF-3A47-4A47-A622-A5AAC46EAABC}
		{F1C8C7B5-94B0-4344-B4C1-220E1BB82976} = {3F8CDCBF-3A47-4A47-A622-A5AAC46EAABC}
		{F2CFC985-F010-4F5C-872B-13BE0F18DFD3} = {9FA49D56-EDFD-4E60-B71B-9CE0ABC2D813}
		{F68764BB-D337-4A3A-8775-1A96BB3087EB} = {3F8CDCBF-3A47-4A47-A622-A5AAC46EAABC}
		{1F6D413B-CFE0-48FF-9DC7-CF1436DF9C34} = {88A7196A-847A-4876-975E-F5EE494AAC9A}
		{9FCF40A8-23F1-4272-9CAE-EFF674145F57} = {9B65F4D3-1728-4FF1-A2F2-DA4DF6270431}
		{070C7BB2-AF07-4A4C-A9CC-6BFB8CA416E6} = {9B65F4D3-1728-4FF1-A2F2-DA4DF6270431}
		{1AA5BA90-02CC-4FD1-81F2-615C374C83A5} = {9B65F4D3-1728-4FF1-A2F2-DA4DF6270431}
		{E2B71A13-9683-4862-B2EB-31050190AFDC} = {9B65F4D3-1728-4FF1-A2F2-DA4DF6270431}
		{8DBCFE15-CA3B-4F7C-A7D6-D73F8F0B91AA} = {9B65F4D3-1728-4FF1-A2F2-DA4DF6270431}
		{76762A04-54F0-4147-BD2B-267372034706} = {9B65F4D3-1728-4FF1-A2F2-DA4DF6270431}
		{BEFA4246-E001-4C23-9818-D0302A0D1926} = {9B65F4D3-1728-4FF1-A2F2-DA4DF6270431}
		{02BEAA68-76A1-4ED6-BF6C-7B6935165AD6} = {9B65F4D3-1728-4FF1-A2F2-DA4DF6270431}
		{8F71176E-C3E6-4759-A354-5E7E3E4B0658} = {AD4EF941-E12E-4AB5-A0F9-4076107CA1DE}
		{544EA150-4E44-42A5-A562-B0698C21DE77} = {AD4EF941-E12E-4AB5-A0F9-4076107CA1DE}
		{E551BCC9-D0AA-45A6-BA1B-2D944BC9C0E6} = {AD4EF941-E12E-4AB5-A0F9-4076107CA1DE}
	EndGlobalSection
	GlobalSection(ExtensibilityGlobals) = postSolution
		EnterpriseLibraryConfigurationToolBinariesPathV6 = packages\EnterpriseLibrary.Common.6.0.1304.0\lib\NET45;packages\EnterpriseLibrary.Data.6.0.1304.0\lib\NET45
	EndGlobalSection
EndGlobal
