
Microsoft Visual Studio Solution File, Format Version 12.00
# Visual Studio 14
VisualStudioVersion = 14.0.25420.1
MinimumVisualStudioVersion = 10.0.40219.1
Project("{FAE04EC0-301F-11D3-BF4B-00C04F79EFBC}") = "CES.CoreApi.GeoLocation.Api", "CES.CoreApi.GeoLocation.Api\CES.CoreApi.GeoLocation.Api.csproj", "{544EA150-4E44-42A5-A562-B0698C21DE77}"
EndProject
Project("{2150E333-8FDC-42A3-9474-1A3956D46DE8}") = "1_Api", "1_Api", "{AD4EF941-E12E-4AB5-A0F9-4076107CA1DE}"
EndProject
Project("{2150E333-8FDC-42A3-9474-1A3956D46DE8}") = "2_BusinessCore", "2_BusinessCore", "{3F8CDCBF-3A47-4A47-A622-A5AAC46EAABC}"
EndProject
Project("{FAE04EC0-301F-11D3-BF4B-00C04F79EFBC}") = "CES.CoreApi.GeoLocation", "CES.CoreApi.GeoLocation\CES.CoreApi.GeoLocation.csproj", "{08B9ED41-E60A-41F2-9988-F84C72E4AF96}"
EndProject
Global
	GlobalSection(SolutionConfigurationPlatforms) = preSolution
		Debug|Any CPU = Debug|Any CPU
		Release|Any CPU = Release|Any CPU
	EndGlobalSection
	GlobalSection(ProjectConfigurationPlatforms) = postSolution
		{544EA150-4E44-42A5-A562-B0698C21DE77}.Debug|Any CPU.ActiveCfg = Debug|Any CPU
		{544EA150-4E44-42A5-A562-B0698C21DE77}.Debug|Any CPU.Build.0 = Debug|Any CPU
		{544EA150-4E44-42A5-A562-B0698C21DE77}.Release|Any CPU.ActiveCfg = Release|Any CPU
		{544EA150-4E44-42A5-A562-B0698C21DE77}.Release|Any CPU.Build.0 = Release|Any CPU
		{08B9ED41-E60A-41F2-9988-F84C72E4AF96}.Debug|Any CPU.ActiveCfg = Debug|Any CPU
		{08B9ED41-E60A-41F2-9988-F84C72E4AF96}.Debug|Any CPU.Build.0 = Debug|Any CPU
		{08B9ED41-E60A-41F2-9988-F84C72E4AF96}.Release|Any CPU.ActiveCfg = Release|Any CPU
		{08B9ED41-E60A-41F2-9988-F84C72E4AF96}.Release|Any CPU.Build.0 = Release|Any CPU
	EndGlobalSection
	GlobalSection(SolutionProperties) = preSolution
		HideSolutionNode = FALSE
	EndGlobalSection
	GlobalSection(NestedProjects) = preSolution
		{544EA150-4E44-42A5-A562-B0698C21DE77} = {AD4EF941-E12E-4AB5-A0F9-4076107CA1DE}
		{08B9ED41-E60A-41F2-9988-F84C72E4AF96} = {3F8CDCBF-3A47-4A47-A622-A5AAC46EAABC}
	EndGlobalSection
	GlobalSection(ExtensibilityGlobals) = postSolution
		EnterpriseLibraryConfigurationToolBinariesPathV6 = packages\EnterpriseLibrary.Common.6.0.1304.0\lib\NET45;packages\EnterpriseLibrary.Data.6.0.1304.0\lib\NET45
	EndGlobalSection
EndGlobal
