
Microsoft Visual Studio Solution File, Format Version 12.00
# Visual Studio 14
VisualStudioVersion = 14.0.23107.0
MinimumVisualStudioVersion = 10.0.40219.1
Project("{FAE04EC0-301F-11D3-BF4B-00C04F79EFBC}") = "CES.CoreApi.Agent.Service", "..\AgentService\CES.CoreApi.Agent.Service\CES.CoreApi.Agent.Service.csproj", "{BD1ADCD2-760D-4D38-B026-DEB76685B61D}"
EndProject
Project("{FAE04EC0-301F-11D3-BF4B-00C04F79EFBC}") = "CES.CoreApi.Agent.Service.Contract", "..\AgentService\CES.CoreApi.Agent.Service.Contract\CES.CoreApi.Agent.Service.Contract.csproj", "{CE712FDE-1D6D-4B80-A602-12A730523CEC}"
EndProject
Project("{FAE04EC0-301F-11D3-BF4B-00C04F79EFBC}") = "CES.CoreApi.Agent.Service.Data", "..\AgentService\CES.CoreApi.Agent.Service.Data\CES.CoreApi.Agent.Service.Data.csproj", "{FD229DCA-E8EF-4F54-ADE8-AAB688E732F1}"
EndProject
Project("{FAE04EC0-301F-11D3-BF4B-00C04F79EFBC}") = "CES.CoreApi.Agent.Service.Business.Logic", "..\AgentService\CES.CoreApi.Agent.Service.Business.Logic\CES.CoreApi.Agent.Service.Business.Logic.csproj", "{EB0EEC21-5B5B-48AF-967C-8BC5AD5A51A5}"
EndProject
Project("{FAE04EC0-301F-11D3-BF4B-00C04F79EFBC}") = "CES.CoreApi.Agent.Service.Business.Contract", "..\AgentService\CES.CoreApi.Agent.Service.Business.Contract\CES.CoreApi.Agent.Service.Business.Contract.csproj", "{450171E3-C409-468B-B24E-F52E6C830577}"
EndProject
Project("{FAE04EC0-301F-11D3-BF4B-00C04F79EFBC}") = "CES.CoreApi.Agent.Service.Web", "..\AgentService\CES.CoreApi.Agent.Service.Web\CES.CoreApi.Agent.Service.Web.csproj", "{3BD83111-2E8B-4801-9265-F84D55BE80B5}"
EndProject
Project("{2150E333-8FDC-42A3-9474-1A3956D46DE8}") = "Common", "Common", "{12A5FC42-897B-493D-BED8-0A89734DE1DB}"
EndProject
Project("{FAE04EC0-301F-11D3-BF4B-00C04F79EFBC}") = "CES.CoreApi.Caching", "..\Foundation\CES.CoreApi.Caching\CES.CoreApi.Caching.csproj", "{9FCF40A8-23F1-4272-9CAE-EFF674145F57}"
EndProject
Project("{FAE04EC0-301F-11D3-BF4B-00C04F79EFBC}") = "CES.CoreApi.Common", "..\Foundation\CES.CoreApi.Common\CES.CoreApi.Common.csproj", "{070C7BB2-AF07-4A4C-A9CC-6BFB8CA416E6}"
EndProject
Project("{FAE04EC0-301F-11D3-BF4B-00C04F79EFBC}") = "CES.CoreApi.Data", "..\Foundation\CES.CoreApi.Data\CES.CoreApi.Data.csproj", "{1AA5BA90-02CC-4FD1-81F2-615C374C83A5}"
EndProject
Project("{FAE04EC0-301F-11D3-BF4B-00C04F79EFBC}") = "CES.CoreApi.Foundation", "..\Foundation\CES.CoreApi.Foundation\CES.CoreApi.Foundation.csproj", "{E2B71A13-9683-4862-B2EB-31050190AFDC}"
EndProject
Project("{FAE04EC0-301F-11D3-BF4B-00C04F79EFBC}") = "CES.CoreApi.Foundation.Contract", "..\Foundation\CES.CoreApi.Foundation.Contract\CES.CoreApi.Foundation.Contract.csproj", "{8DBCFE15-CA3B-4F7C-A7D6-D73F8F0B91AA}"
EndProject
Project("{FAE04EC0-301F-11D3-BF4B-00C04F79EFBC}") = "CES.CoreApi.Logging", "..\Foundation\CES.CoreApi.Logging\CES.CoreApi.Logging.csproj", "{76762A04-54F0-4147-BD2B-267372034706}"
EndProject
Project("{FAE04EC0-301F-11D3-BF4B-00C04F79EFBC}") = "CES.CoreApi.SimpleInjectorProxy", "..\Foundation\CES.CoreApi.SimpleInjectorProxy\CES.CoreApi.SimpleInjectorProxy.csproj", "{02BEAA68-76A1-4ED6-BF6C-7B6935165AD6}"
EndProject
Project("{2150E333-8FDC-42A3-9474-1A3956D46DE8}") = "Tests", "Tests", "{BAE5DBC2-EE66-49F9-8F53-53418833270A}"
EndProject
Project("{FAE04EC0-301F-11D3-BF4B-00C04F79EFBC}") = "CES.CoreApi.Agent.Service.UnitTests", "..\AgentService\CES.CoreApi.Agent.Service.UnitTests\CES.CoreApi.Agent.Service.UnitTests.csproj", "{1CE4F5CE-6E4B-4449-8D71-1534D244190D}"
EndProject
Project("{FAE04EC0-301F-11D3-BF4B-00C04F79EFBC}") = "CES.CoreApi.Agent.Service.Business.Logic.UnitTests", "..\AgentService\CES.CoreApi.Agent.Service.Business.Logic.UnitTests\CES.CoreApi.Agent.Service.Business.Logic.UnitTests.csproj", "{8B54D253-C857-4EAC-A390-8B71BF850085}"
EndProject
Project("{2150E333-8FDC-42A3-9474-1A3956D46DE8}") = "Shared", "Shared", "{BFC2A120-C293-4518-99B3-F7690DB8D76F}"
EndProject
Project("{FAE04EC0-301F-11D3-BF4B-00C04F79EFBC}") = "CES.CoreApi.Shared.Business.Contract", "..\Shared\CES.CoreApi.Shared.Business.Contract\CES.CoreApi.Shared.Business.Contract.csproj", "{AE43A830-4DE7-4B13-A462-9C3F85FBE7D4}"
EndProject
Global
	GlobalSection(SolutionConfigurationPlatforms) = preSolution
		Debug|Any CPU = Debug|Any CPU
		Release|Any CPU = Release|Any CPU
	EndGlobalSection
	GlobalSection(ProjectConfigurationPlatforms) = postSolution
		{BD1ADCD2-760D-4D38-B026-DEB76685B61D}.Debug|Any CPU.ActiveCfg = Debug|Any CPU
		{BD1ADCD2-760D-4D38-B026-DEB76685B61D}.Debug|Any CPU.Build.0 = Debug|Any CPU
		{BD1ADCD2-760D-4D38-B026-DEB76685B61D}.Release|Any CPU.ActiveCfg = Release|Any CPU
		{BD1ADCD2-760D-4D38-B026-DEB76685B61D}.Release|Any CPU.Build.0 = Release|Any CPU
		{CE712FDE-1D6D-4B80-A602-12A730523CEC}.Debug|Any CPU.ActiveCfg = Debug|Any CPU
		{CE712FDE-1D6D-4B80-A602-12A730523CEC}.Debug|Any CPU.Build.0 = Debug|Any CPU
		{CE712FDE-1D6D-4B80-A602-12A730523CEC}.Release|Any CPU.ActiveCfg = Release|Any CPU
		{CE712FDE-1D6D-4B80-A602-12A730523CEC}.Release|Any CPU.Build.0 = Release|Any CPU
		{FD229DCA-E8EF-4F54-ADE8-AAB688E732F1}.Debug|Any CPU.ActiveCfg = Debug|Any CPU
		{FD229DCA-E8EF-4F54-ADE8-AAB688E732F1}.Debug|Any CPU.Build.0 = Debug|Any CPU
		{FD229DCA-E8EF-4F54-ADE8-AAB688E732F1}.Release|Any CPU.ActiveCfg = Release|Any CPU
		{FD229DCA-E8EF-4F54-ADE8-AAB688E732F1}.Release|Any CPU.Build.0 = Release|Any CPU
		{EB0EEC21-5B5B-48AF-967C-8BC5AD5A51A5}.Debug|Any CPU.ActiveCfg = Debug|Any CPU
		{EB0EEC21-5B5B-48AF-967C-8BC5AD5A51A5}.Debug|Any CPU.Build.0 = Debug|Any CPU
		{EB0EEC21-5B5B-48AF-967C-8BC5AD5A51A5}.Release|Any CPU.ActiveCfg = Release|Any CPU
		{EB0EEC21-5B5B-48AF-967C-8BC5AD5A51A5}.Release|Any CPU.Build.0 = Release|Any CPU
		{450171E3-C409-468B-B24E-F52E6C830577}.Debug|Any CPU.ActiveCfg = Debug|Any CPU
		{450171E3-C409-468B-B24E-F52E6C830577}.Debug|Any CPU.Build.0 = Debug|Any CPU
		{450171E3-C409-468B-B24E-F52E6C830577}.Release|Any CPU.ActiveCfg = Release|Any CPU
		{450171E3-C409-468B-B24E-F52E6C830577}.Release|Any CPU.Build.0 = Release|Any CPU
		{3BD83111-2E8B-4801-9265-F84D55BE80B5}.Debug|Any CPU.ActiveCfg = Debug|Any CPU
		{3BD83111-2E8B-4801-9265-F84D55BE80B5}.Debug|Any CPU.Build.0 = Debug|Any CPU
		{3BD83111-2E8B-4801-9265-F84D55BE80B5}.Release|Any CPU.ActiveCfg = Release|Any CPU
		{3BD83111-2E8B-4801-9265-F84D55BE80B5}.Release|Any CPU.Build.0 = Release|Any CPU
		{9FCF40A8-23F1-4272-9CAE-EFF674145F57}.Debug|Any CPU.ActiveCfg = Debug|Any CPU
		{9FCF40A8-23F1-4272-9CAE-EFF674145F57}.Debug|Any CPU.Build.0 = Debug|Any CPU
		{9FCF40A8-23F1-4272-9CAE-EFF674145F57}.Release|Any CPU.ActiveCfg = Release|Any CPU
		{9FCF40A8-23F1-4272-9CAE-EFF674145F57}.Release|Any CPU.Build.0 = Release|Any CPU
		{070C7BB2-AF07-4A4C-A9CC-6BFB8CA416E6}.Debug|Any CPU.ActiveCfg = Debug|Any CPU
		{070C7BB2-AF07-4A4C-A9CC-6BFB8CA416E6}.Debug|Any CPU.Build.0 = Debug|Any CPU
		{070C7BB2-AF07-4A4C-A9CC-6BFB8CA416E6}.Release|Any CPU.ActiveCfg = Release|Any CPU
		{070C7BB2-AF07-4A4C-A9CC-6BFB8CA416E6}.Release|Any CPU.Build.0 = Release|Any CPU
		{1AA5BA90-02CC-4FD1-81F2-615C374C83A5}.Debug|Any CPU.ActiveCfg = Debug|Any CPU
		{1AA5BA90-02CC-4FD1-81F2-615C374C83A5}.Debug|Any CPU.Build.0 = Debug|Any CPU
		{1AA5BA90-02CC-4FD1-81F2-615C374C83A5}.Release|Any CPU.ActiveCfg = Release|Any CPU
		{1AA5BA90-02CC-4FD1-81F2-615C374C83A5}.Release|Any CPU.Build.0 = Release|Any CPU
		{E2B71A13-9683-4862-B2EB-31050190AFDC}.Debug|Any CPU.ActiveCfg = Debug|Any CPU
		{E2B71A13-9683-4862-B2EB-31050190AFDC}.Debug|Any CPU.Build.0 = Debug|Any CPU
		{E2B71A13-9683-4862-B2EB-31050190AFDC}.Release|Any CPU.ActiveCfg = Release|Any CPU
		{E2B71A13-9683-4862-B2EB-31050190AFDC}.Release|Any CPU.Build.0 = Release|Any CPU
		{8DBCFE15-CA3B-4F7C-A7D6-D73F8F0B91AA}.Debug|Any CPU.ActiveCfg = Debug|Any CPU
		{8DBCFE15-CA3B-4F7C-A7D6-D73F8F0B91AA}.Debug|Any CPU.Build.0 = Debug|Any CPU
		{8DBCFE15-CA3B-4F7C-A7D6-D73F8F0B91AA}.Release|Any CPU.ActiveCfg = Release|Any CPU
		{8DBCFE15-CA3B-4F7C-A7D6-D73F8F0B91AA}.Release|Any CPU.Build.0 = Release|Any CPU
		{76762A04-54F0-4147-BD2B-267372034706}.Debug|Any CPU.ActiveCfg = Debug|Any CPU
		{76762A04-54F0-4147-BD2B-267372034706}.Debug|Any CPU.Build.0 = Debug|Any CPU
		{76762A04-54F0-4147-BD2B-267372034706}.Release|Any CPU.ActiveCfg = Release|Any CPU
		{76762A04-54F0-4147-BD2B-267372034706}.Release|Any CPU.Build.0 = Release|Any CPU
		{02BEAA68-76A1-4ED6-BF6C-7B6935165AD6}.Debug|Any CPU.ActiveCfg = Debug|Any CPU
		{02BEAA68-76A1-4ED6-BF6C-7B6935165AD6}.Debug|Any CPU.Build.0 = Debug|Any CPU
		{02BEAA68-76A1-4ED6-BF6C-7B6935165AD6}.Release|Any CPU.ActiveCfg = Release|Any CPU
		{02BEAA68-76A1-4ED6-BF6C-7B6935165AD6}.Release|Any CPU.Build.0 = Release|Any CPU
		{1CE4F5CE-6E4B-4449-8D71-1534D244190D}.Debug|Any CPU.ActiveCfg = Debug|Any CPU
		{1CE4F5CE-6E4B-4449-8D71-1534D244190D}.Debug|Any CPU.Build.0 = Debug|Any CPU
		{1CE4F5CE-6E4B-4449-8D71-1534D244190D}.Release|Any CPU.ActiveCfg = Release|Any CPU
		{1CE4F5CE-6E4B-4449-8D71-1534D244190D}.Release|Any CPU.Build.0 = Release|Any CPU
		{8B54D253-C857-4EAC-A390-8B71BF850085}.Debug|Any CPU.ActiveCfg = Debug|Any CPU
		{8B54D253-C857-4EAC-A390-8B71BF850085}.Debug|Any CPU.Build.0 = Debug|Any CPU
		{8B54D253-C857-4EAC-A390-8B71BF850085}.Release|Any CPU.ActiveCfg = Release|Any CPU
		{8B54D253-C857-4EAC-A390-8B71BF850085}.Release|Any CPU.Build.0 = Release|Any CPU
		{AE43A830-4DE7-4B13-A462-9C3F85FBE7D4}.Debug|Any CPU.ActiveCfg = Debug|Any CPU
		{AE43A830-4DE7-4B13-A462-9C3F85FBE7D4}.Debug|Any CPU.Build.0 = Debug|Any CPU
		{AE43A830-4DE7-4B13-A462-9C3F85FBE7D4}.Release|Any CPU.ActiveCfg = Release|Any CPU
		{AE43A830-4DE7-4B13-A462-9C3F85FBE7D4}.Release|Any CPU.Build.0 = Release|Any CPU
	EndGlobalSection
	GlobalSection(SolutionProperties) = preSolution
		HideSolutionNode = FALSE
	EndGlobalSection
	GlobalSection(NestedProjects) = preSolution
		{9FCF40A8-23F1-4272-9CAE-EFF674145F57} = {12A5FC42-897B-493D-BED8-0A89734DE1DB}
		{070C7BB2-AF07-4A4C-A9CC-6BFB8CA416E6} = {12A5FC42-897B-493D-BED8-0A89734DE1DB}
		{1AA5BA90-02CC-4FD1-81F2-615C374C83A5} = {12A5FC42-897B-493D-BED8-0A89734DE1DB}
		{E2B71A13-9683-4862-B2EB-31050190AFDC} = {12A5FC42-897B-493D-BED8-0A89734DE1DB}
		{8DBCFE15-CA3B-4F7C-A7D6-D73F8F0B91AA} = {12A5FC42-897B-493D-BED8-0A89734DE1DB}
		{76762A04-54F0-4147-BD2B-267372034706} = {12A5FC42-897B-493D-BED8-0A89734DE1DB}
		{02BEAA68-76A1-4ED6-BF6C-7B6935165AD6} = {12A5FC42-897B-493D-BED8-0A89734DE1DB}
		{1CE4F5CE-6E4B-4449-8D71-1534D244190D} = {BAE5DBC2-EE66-49F9-8F53-53418833270A}
		{8B54D253-C857-4EAC-A390-8B71BF850085} = {BAE5DBC2-EE66-49F9-8F53-53418833270A}
		{AE43A830-4DE7-4B13-A462-9C3F85FBE7D4} = {BFC2A120-C293-4518-99B3-F7690DB8D76F}
	EndGlobalSection
EndGlobal
