
Microsoft Visual Studio Solution File, Format Version 12.00
# Visual Studio 2013
VisualStudioVersion = 12.0.31101.0
MinimumVisualStudioVersion = 10.0.40219.1
Project("{FAE04EC0-301F-11D3-BF4B-00C04F79EFBC}") = "CES.CoreApi.Accounting.Service", "..\AccountingService\CES.CoreApi.Accounting.Service\CES.CoreApi.Accounting.Service.csproj", "{A68C317A-838D-48E4-B558-9E9889229026}"
EndProject
Project("{FAE04EC0-301F-11D3-BF4B-00C04F79EFBC}") = "CES.CoreApi.Accounting.Service.Web", "..\AccountingService\CES.CoreApi.Accounting.Service.Web\CES.CoreApi.Accounting.Service.Web.csproj", "{60E25BDB-FEBF-433F-8A49-2251B427A908}"
EndProject
Project("{FAE04EC0-301F-11D3-BF4B-00C04F79EFBC}") = "CES.CoreApi.Accounting.Service.Data", "..\AccountingService\CES.CoreApi.Accounting.Service.Data\CES.CoreApi.Accounting.Service.Data.csproj", "{D573C331-43E2-4761-A7F0-32BF17294105}"
EndProject
Project("{FAE04EC0-301F-11D3-BF4B-00C04F79EFBC}") = "CES.CoreApi.Accounting.Service.Business.Logic", "..\AccountingService\CES.CoreApi.Accounting.Service.Business.Logic\CES.CoreApi.Accounting.Service.Business.Logic.csproj", "{318643CF-E975-4A0D-8075-FD745F1267D9}"
EndProject
Project("{FAE04EC0-301F-11D3-BF4B-00C04F79EFBC}") = "CES.CoreApi.Accounting.Service.Business.Contract", "..\AccountingService\CES.CoreApi.Accounting.Service.Business.Contract\CES.CoreApi.Accounting.Service.Business.Contract.csproj", "{106809F4-DC36-4766-A685-037CE23897D5}"
EndProject
Project("{FAE04EC0-301F-11D3-BF4B-00C04F79EFBC}") = "CES.CoreApi.Accounting.Service.Contract", "..\AccountingService\CES.CoreApi.Accounting.Service.Contract\CES.CoreApi.Accounting.Service.Contract.csproj", "{6C72C7E1-499A-4EF9-A70A-81A214A8302F}"
EndProject
Project("{2150E333-8FDC-42A3-9474-1A3956D46DE8}") = "Common", "Common", "{A892BE82-0E93-416E-A32F-9E54FF307282}"
EndProject
Project("{FAE04EC0-301F-11D3-BF4B-00C04F79EFBC}") = "CES.CoreApi.Caching", "..\Foundation\CES.CoreApi.Caching\CES.CoreApi.Caching.csproj", "{9FCF40A8-23F1-4272-9CAE-EFF674145F57}"
EndProject
Project("{FAE04EC0-301F-11D3-BF4B-00C04F79EFBC}") = "CES.CoreApi.Common", "..\Foundation\CES.CoreApi.Common\CES.CoreApi.Common.csproj", "{070C7BB2-AF07-4A4C-A9CC-6BFB8CA416E6}"
EndProject
Project("{FAE04EC0-301F-11D3-BF4B-00C04F79EFBC}") = "CES.CoreApi.Data", "..\Foundation\CES.CoreApi.Data\CES.CoreApi.Data.csproj", "{1AA5BA90-02CC-4FD1-81F2-615C374C83A5}"
EndProject
Project("{FAE04EC0-301F-11D3-BF4B-00C04F79EFBC}") = "CES.CoreApi.Foundation", "..\Foundation\CES.CoreApi.Foundation\CES.CoreApi.Foundation.csproj", "{E2B71A13-9683-4862-B2EB-31050190AFDC}"
EndProject
Project("{FAE04EC0-301F-11D3-BF4B-00C04F79EFBC}") = "CES.CoreApi.Foundation.Contract", "..\Foundation\CES.CoreApi.Foundation.Contract\CES.CoreApi.Foundation.Contract.csproj", "{8DBCFE15-CA3B-4F7C-A7D6-D73F8F0B91AA}"
EndProject
Project("{FAE04EC0-301F-11D3-BF4B-00C04F79EFBC}") = "CES.CoreApi.Logging", "..\Foundation\CES.CoreApi.Logging\CES.CoreApi.Logging.csproj", "{76762A04-54F0-4147-BD2B-267372034706}"
EndProject
Project("{FAE04EC0-301F-11D3-BF4B-00C04F79EFBC}") = "CES.CoreApi.SimpleInjectorProxy", "..\Foundation\CES.CoreApi.SimpleInjectorProxy\CES.CoreApi.SimpleInjectorProxy.csproj", "{02BEAA68-76A1-4ED6-BF6C-7B6935165AD6}"
EndProject
Global
	GlobalSection(SolutionConfigurationPlatforms) = preSolution
		Debug|Any CPU = Debug|Any CPU
		Release|Any CPU = Release|Any CPU
	EndGlobalSection
	GlobalSection(ProjectConfigurationPlatforms) = postSolution
		{A68C317A-838D-48E4-B558-9E9889229026}.Debug|Any CPU.ActiveCfg = Debug|Any CPU
		{A68C317A-838D-48E4-B558-9E9889229026}.Debug|Any CPU.Build.0 = Debug|Any CPU
		{A68C317A-838D-48E4-B558-9E9889229026}.Release|Any CPU.ActiveCfg = Release|Any CPU
		{A68C317A-838D-48E4-B558-9E9889229026}.Release|Any CPU.Build.0 = Release|Any CPU
		{60E25BDB-FEBF-433F-8A49-2251B427A908}.Debug|Any CPU.ActiveCfg = Debug|Any CPU
		{60E25BDB-FEBF-433F-8A49-2251B427A908}.Debug|Any CPU.Build.0 = Debug|Any CPU
		{60E25BDB-FEBF-433F-8A49-2251B427A908}.Release|Any CPU.ActiveCfg = Release|Any CPU
		{60E25BDB-FEBF-433F-8A49-2251B427A908}.Release|Any CPU.Build.0 = Release|Any CPU
		{D573C331-43E2-4761-A7F0-32BF17294105}.Debug|Any CPU.ActiveCfg = Debug|Any CPU
		{D573C331-43E2-4761-A7F0-32BF17294105}.Debug|Any CPU.Build.0 = Debug|Any CPU
		{D573C331-43E2-4761-A7F0-32BF17294105}.Release|Any CPU.ActiveCfg = Release|Any CPU
		{D573C331-43E2-4761-A7F0-32BF17294105}.Release|Any CPU.Build.0 = Release|Any CPU
		{318643CF-E975-4A0D-8075-FD745F1267D9}.Debug|Any CPU.ActiveCfg = Debug|Any CPU
		{318643CF-E975-4A0D-8075-FD745F1267D9}.Debug|Any CPU.Build.0 = Debug|Any CPU
		{318643CF-E975-4A0D-8075-FD745F1267D9}.Release|Any CPU.ActiveCfg = Release|Any CPU
		{318643CF-E975-4A0D-8075-FD745F1267D9}.Release|Any CPU.Build.0 = Release|Any CPU
		{106809F4-DC36-4766-A685-037CE23897D5}.Debug|Any CPU.ActiveCfg = Debug|Any CPU
		{106809F4-DC36-4766-A685-037CE23897D5}.Debug|Any CPU.Build.0 = Debug|Any CPU
		{106809F4-DC36-4766-A685-037CE23897D5}.Release|Any CPU.ActiveCfg = Release|Any CPU
		{106809F4-DC36-4766-A685-037CE23897D5}.Release|Any CPU.Build.0 = Release|Any CPU
		{6C72C7E1-499A-4EF9-A70A-81A214A8302F}.Debug|Any CPU.ActiveCfg = Debug|Any CPU
		{6C72C7E1-499A-4EF9-A70A-81A214A8302F}.Debug|Any CPU.Build.0 = Debug|Any CPU
		{6C72C7E1-499A-4EF9-A70A-81A214A8302F}.Release|Any CPU.ActiveCfg = Release|Any CPU
		{6C72C7E1-499A-4EF9-A70A-81A214A8302F}.Release|Any CPU.Build.0 = Release|Any CPU
		{9FCF40A8-23F1-4272-9CAE-EFF674145F57}.Debug|Any CPU.ActiveCfg = Debug|Any CPU
		{9FCF40A8-23F1-4272-9CAE-EFF674145F57}.Debug|Any CPU.Build.0 = Debug|Any CPU
		{9FCF40A8-23F1-4272-9CAE-EFF674145F57}.Release|Any CPU.ActiveCfg = Release|Any CPU
		{9FCF40A8-23F1-4272-9CAE-EFF674145F57}.Release|Any CPU.Build.0 = Release|Any CPU
		{070C7BB2-AF07-4A4C-A9CC-6BFB8CA416E6}.Debug|Any CPU.ActiveCfg = Debug|Any CPU
		{070C7BB2-AF07-4A4C-A9CC-6BFB8CA416E6}.Debug|Any CPU.Build.0 = Debug|Any CPU
		{070C7BB2-AF07-4A4C-A9CC-6BFB8CA416E6}.Release|Any CPU.ActiveCfg = Release|Any CPU
		{070C7BB2-AF07-4A4C-A9CC-6BFB8CA416E6}.Release|Any CPU.Build.0 = Release|Any CPU
		{1AA5BA90-02CC-4FD1-81F2-615C374C83A5}.Debug|Any CPU.ActiveCfg = Debug|Any CPU
		{1AA5BA90-02CC-4FD1-81F2-615C374C83A5}.Debug|Any CPU.Build.0 = Debug|Any CPU
		{1AA5BA90-02CC-4FD1-81F2-615C374C83A5}.Release|Any CPU.ActiveCfg = Release|Any CPU
		{1AA5BA90-02CC-4FD1-81F2-615C374C83A5}.Release|Any CPU.Build.0 = Release|Any CPU
		{E2B71A13-9683-4862-B2EB-31050190AFDC}.Debug|Any CPU.ActiveCfg = Debug|Any CPU
		{E2B71A13-9683-4862-B2EB-31050190AFDC}.Debug|Any CPU.Build.0 = Debug|Any CPU
		{E2B71A13-9683-4862-B2EB-31050190AFDC}.Release|Any CPU.ActiveCfg = Release|Any CPU
		{E2B71A13-9683-4862-B2EB-31050190AFDC}.Release|Any CPU.Build.0 = Release|Any CPU
		{8DBCFE15-CA3B-4F7C-A7D6-D73F8F0B91AA}.Debug|Any CPU.ActiveCfg = Debug|Any CPU
		{8DBCFE15-CA3B-4F7C-A7D6-D73F8F0B91AA}.Debug|Any CPU.Build.0 = Debug|Any CPU
		{8DBCFE15-CA3B-4F7C-A7D6-D73F8F0B91AA}.Release|Any CPU.ActiveCfg = Release|Any CPU
		{8DBCFE15-CA3B-4F7C-A7D6-D73F8F0B91AA}.Release|Any CPU.Build.0 = Release|Any CPU
		{76762A04-54F0-4147-BD2B-267372034706}.Debug|Any CPU.ActiveCfg = Debug|Any CPU
		{76762A04-54F0-4147-BD2B-267372034706}.Debug|Any CPU.Build.0 = Debug|Any CPU
		{76762A04-54F0-4147-BD2B-267372034706}.Release|Any CPU.ActiveCfg = Release|Any CPU
		{76762A04-54F0-4147-BD2B-267372034706}.Release|Any CPU.Build.0 = Release|Any CPU
		{02BEAA68-76A1-4ED6-BF6C-7B6935165AD6}.Debug|Any CPU.ActiveCfg = Debug|Any CPU
		{02BEAA68-76A1-4ED6-BF6C-7B6935165AD6}.Debug|Any CPU.Build.0 = Debug|Any CPU
		{02BEAA68-76A1-4ED6-BF6C-7B6935165AD6}.Release|Any CPU.ActiveCfg = Release|Any CPU
		{02BEAA68-76A1-4ED6-BF6C-7B6935165AD6}.Release|Any CPU.Build.0 = Release|Any CPU
	EndGlobalSection
	GlobalSection(SolutionProperties) = preSolution
		HideSolutionNode = FALSE
	EndGlobalSection
	GlobalSection(NestedProjects) = preSolution
		{9FCF40A8-23F1-4272-9CAE-EFF674145F57} = {A892BE82-0E93-416E-A32F-9E54FF307282}
		{070C7BB2-AF07-4A4C-A9CC-6BFB8CA416E6} = {A892BE82-0E93-416E-A32F-9E54FF307282}
		{1AA5BA90-02CC-4FD1-81F2-615C374C83A5} = {A892BE82-0E93-416E-A32F-9E54FF307282}
		{E2B71A13-9683-4862-B2EB-31050190AFDC} = {A892BE82-0E93-416E-A32F-9E54FF307282}
		{8DBCFE15-CA3B-4F7C-A7D6-D73F8F0B91AA} = {A892BE82-0E93-416E-A32F-9E54FF307282}
		{76762A04-54F0-4147-BD2B-267372034706} = {A892BE82-0E93-416E-A32F-9E54FF307282}
		{02BEAA68-76A1-4ED6-BF6C-7B6935165AD6} = {A892BE82-0E93-416E-A32F-9E54FF307282}
	EndGlobalSection
EndGlobal
