
Microsoft Visual Studio Solution File, Format Version 12.00
# Visual Studio 2013
VisualStudioVersion = 12.0.31101.0
MinimumVisualStudioVersion = 10.0.40219.1
Project("{FAE04EC0-301F-11D3-BF4B-00C04F79EFBC}") = "CES.CoreApi.Settings.Service.Web", "..\SettingsService\CES.CoreApi.Settings.Service.Web\CES.CoreApi.Settings.Service.Web.csproj", "{0E62B35E-DFE8-45F0-8536-1A3CDFF6A5F2}"
EndProject
Project("{FAE04EC0-301F-11D3-BF4B-00C04F79EFBC}") = "CES.CoreApi.Settings.Service.Data", "..\SettingsService\CES.CoreApi.Settings.Service.Data\CES.CoreApi.Settings.Service.Data.csproj", "{96298C41-8353-4132-A097-88FB62B16E90}"
EndProject
Project("{FAE04EC0-301F-11D3-BF4B-00C04F79EFBC}") = "CES.CoreApi.Settings.Service.Contract", "..\SettingsService\CES.CoreApi.Settings.Service.Contract\CES.CoreApi.Settings.Service.Contract.csproj", "{A6A0FF21-AE22-4099-8939-E588F3A7E2E1}"
EndProject
Project("{FAE04EC0-301F-11D3-BF4B-00C04F79EFBC}") = "CES.CoreApi.Settings.Service.Business.Logic", "..\SettingsService\CES.CoreApi.Settings.Service.Business.Logic\CES.CoreApi.Settings.Service.Business.Logic.csproj", "{BBABE37B-FDED-43B1-B553-30952084CDAB}"
EndProject
Project("{FAE04EC0-301F-11D3-BF4B-00C04F79EFBC}") = "CES.CoreApi.Settings.Service.Business.Contract", "..\SettingsService\CES.CoreApi.Settings.Service.Business.Contract\CES.CoreApi.Settings.Service.Business.Contract.csproj", "{D6D089A0-6011-4C1A-A494-9D18D720BE38}"
EndProject
Project("{2150E333-8FDC-42A3-9474-1A3956D46DE8}") = "Common", "Common", "{698A1F17-6A03-43DD-BCDE-FE527E78346E}"
EndProject
Project("{FAE04EC0-301F-11D3-BF4B-00C04F79EFBC}") = "CES.CoreApi.Caching", "..\Foundation\CES.CoreApi.Caching\CES.CoreApi.Caching.csproj", "{9FCF40A8-23F1-4272-9CAE-EFF674145F57}"
EndProject
Project("{FAE04EC0-301F-11D3-BF4B-00C04F79EFBC}") = "CES.CoreApi.Common", "..\Foundation\CES.CoreApi.Common\CES.CoreApi.Common.csproj", "{070C7BB2-AF07-4A4C-A9CC-6BFB8CA416E6}"
EndProject
Project("{FAE04EC0-301F-11D3-BF4B-00C04F79EFBC}") = "CES.CoreApi.Data", "..\Foundation\CES.CoreApi.Data\CES.CoreApi.Data.csproj", "{1AA5BA90-02CC-4FD1-81F2-615C374C83A5}"
EndProject
Project("{FAE04EC0-301F-11D3-BF4B-00C04F79EFBC}") = "CES.CoreApi.Foundation", "..\Foundation\CES.CoreApi.Foundation\CES.CoreApi.Foundation.csproj", "{E2B71A13-9683-4862-B2EB-31050190AFDC}"
EndProject
Project("{FAE04EC0-301F-11D3-BF4B-00C04F79EFBC}") = "CES.CoreApi.Foundation.Contract", "..\Foundation\CES.CoreApi.Foundation.Contract\CES.CoreApi.Foundation.Contract.csproj", "{8DBCFE15-CA3B-4F7C-A7D6-D73F8F0B91AA}"
EndProject
Project("{FAE04EC0-301F-11D3-BF4B-00C04F79EFBC}") = "CES.CoreApi.Logging", "..\Foundation\CES.CoreApi.Logging\CES.CoreApi.Logging.csproj", "{76762A04-54F0-4147-BD2B-267372034706}"
EndProject
Project("{FAE04EC0-301F-11D3-BF4B-00C04F79EFBC}") = "CES.CoreApi.SimpleInjectorProxy", "..\Foundation\CES.CoreApi.SimpleInjectorProxy\CES.CoreApi.SimpleInjectorProxy.csproj", "{02BEAA68-76A1-4ED6-BF6C-7B6935165AD6}"
EndProject
Project("{FAE04EC0-301F-11D3-BF4B-00C04F79EFBC}") = "CES.CoreApi.Settings.Service", "..\SettingsService\CES.CoreApi.Settings.Service\CES.CoreApi.Settings.Service.csproj", "{AE8CBA90-9E64-4B45-82E5-B8FDAC06F379}"
EndProject
Global
	GlobalSection(SolutionConfigurationPlatforms) = preSolution
		Debug|Any CPU = Debug|Any CPU
		Release|Any CPU = Release|Any CPU
	EndGlobalSection
	GlobalSection(ProjectConfigurationPlatforms) = postSolution
		{0E62B35E-DFE8-45F0-8536-1A3CDFF6A5F2}.Debug|Any CPU.ActiveCfg = Debug|Any CPU
		{0E62B35E-DFE8-45F0-8536-1A3CDFF6A5F2}.Debug|Any CPU.Build.0 = Debug|Any CPU
		{0E62B35E-DFE8-45F0-8536-1A3CDFF6A5F2}.Release|Any CPU.ActiveCfg = Release|Any CPU
		{0E62B35E-DFE8-45F0-8536-1A3CDFF6A5F2}.Release|Any CPU.Build.0 = Release|Any CPU
		{96298C41-8353-4132-A097-88FB62B16E90}.Debug|Any CPU.ActiveCfg = Debug|Any CPU
		{96298C41-8353-4132-A097-88FB62B16E90}.Debug|Any CPU.Build.0 = Debug|Any CPU
		{96298C41-8353-4132-A097-88FB62B16E90}.Release|Any CPU.ActiveCfg = Release|Any CPU
		{96298C41-8353-4132-A097-88FB62B16E90}.Release|Any CPU.Build.0 = Release|Any CPU
		{A6A0FF21-AE22-4099-8939-E588F3A7E2E1}.Debug|Any CPU.ActiveCfg = Debug|Any CPU
		{A6A0FF21-AE22-4099-8939-E588F3A7E2E1}.Debug|Any CPU.Build.0 = Debug|Any CPU
		{A6A0FF21-AE22-4099-8939-E588F3A7E2E1}.Release|Any CPU.ActiveCfg = Release|Any CPU
		{A6A0FF21-AE22-4099-8939-E588F3A7E2E1}.Release|Any CPU.Build.0 = Release|Any CPU
		{BBABE37B-FDED-43B1-B553-30952084CDAB}.Debug|Any CPU.ActiveCfg = Debug|Any CPU
		{BBABE37B-FDED-43B1-B553-30952084CDAB}.Debug|Any CPU.Build.0 = Debug|Any CPU
		{BBABE37B-FDED-43B1-B553-30952084CDAB}.Release|Any CPU.ActiveCfg = Release|Any CPU
		{BBABE37B-FDED-43B1-B553-30952084CDAB}.Release|Any CPU.Build.0 = Release|Any CPU
		{D6D089A0-6011-4C1A-A494-9D18D720BE38}.Debug|Any CPU.ActiveCfg = Debug|Any CPU
		{D6D089A0-6011-4C1A-A494-9D18D720BE38}.Debug|Any CPU.Build.0 = Debug|Any CPU
		{D6D089A0-6011-4C1A-A494-9D18D720BE38}.Release|Any CPU.ActiveCfg = Release|Any CPU
		{D6D089A0-6011-4C1A-A494-9D18D720BE38}.Release|Any CPU.Build.0 = Release|Any CPU
		{9FCF40A8-23F1-4272-9CAE-EFF674145F57}.Debug|Any CPU.ActiveCfg = Debug|Any CPU
		{9FCF40A8-23F1-4272-9CAE-EFF674145F57}.Debug|Any CPU.Build.0 = Debug|Any CPU
		{9FCF40A8-23F1-4272-9CAE-EFF674145F57}.Release|Any CPU.ActiveCfg = Release|Any CPU
		{9FCF40A8-23F1-4272-9CAE-EFF674145F57}.Release|Any CPU.Build.0 = Release|Any CPU
		{070C7BB2-AF07-4A4C-A9CC-6BFB8CA416E6}.Debug|Any CPU.ActiveCfg = Debug|Any CPU
		{070C7BB2-AF07-4A4C-A9CC-6BFB8CA416E6}.Debug|Any CPU.Build.0 = Debug|Any CPU
		{070C7BB2-AF07-4A4C-A9CC-6BFB8CA416E6}.Release|Any CPU.ActiveCfg = Release|Any CPU
		{070C7BB2-AF07-4A4C-A9CC-6BFB8CA416E6}.Release|Any CPU.Build.0 = Release|Any CPU
		{1AA5BA90-02CC-4FD1-81F2-615C374C83A5}.Debug|Any CPU.ActiveCfg = Debug|Any CPU
		{1AA5BA90-02CC-4FD1-81F2-615C374C83A5}.Debug|Any CPU.Build.0 = Debug|Any CPU
		{1AA5BA90-02CC-4FD1-81F2-615C374C83A5}.Release|Any CPU.ActiveCfg = Release|Any CPU
		{1AA5BA90-02CC-4FD1-81F2-615C374C83A5}.Release|Any CPU.Build.0 = Release|Any CPU
		{E2B71A13-9683-4862-B2EB-31050190AFDC}.Debug|Any CPU.ActiveCfg = Debug|Any CPU
		{E2B71A13-9683-4862-B2EB-31050190AFDC}.Debug|Any CPU.Build.0 = Debug|Any CPU
		{E2B71A13-9683-4862-B2EB-31050190AFDC}.Release|Any CPU.ActiveCfg = Release|Any CPU
		{E2B71A13-9683-4862-B2EB-31050190AFDC}.Release|Any CPU.Build.0 = Release|Any CPU
		{8DBCFE15-CA3B-4F7C-A7D6-D73F8F0B91AA}.Debug|Any CPU.ActiveCfg = Debug|Any CPU
		{8DBCFE15-CA3B-4F7C-A7D6-D73F8F0B91AA}.Debug|Any CPU.Build.0 = Debug|Any CPU
		{8DBCFE15-CA3B-4F7C-A7D6-D73F8F0B91AA}.Release|Any CPU.ActiveCfg = Release|Any CPU
		{8DBCFE15-CA3B-4F7C-A7D6-D73F8F0B91AA}.Release|Any CPU.Build.0 = Release|Any CPU
		{76762A04-54F0-4147-BD2B-267372034706}.Debug|Any CPU.ActiveCfg = Debug|Any CPU
		{76762A04-54F0-4147-BD2B-267372034706}.Debug|Any CPU.Build.0 = Debug|Any CPU
		{76762A04-54F0-4147-BD2B-267372034706}.Release|Any CPU.ActiveCfg = Release|Any CPU
		{76762A04-54F0-4147-BD2B-267372034706}.Release|Any CPU.Build.0 = Release|Any CPU
		{02BEAA68-76A1-4ED6-BF6C-7B6935165AD6}.Debug|Any CPU.ActiveCfg = Debug|Any CPU
		{02BEAA68-76A1-4ED6-BF6C-7B6935165AD6}.Debug|Any CPU.Build.0 = Debug|Any CPU
		{02BEAA68-76A1-4ED6-BF6C-7B6935165AD6}.Release|Any CPU.ActiveCfg = Release|Any CPU
		{02BEAA68-76A1-4ED6-BF6C-7B6935165AD6}.Release|Any CPU.Build.0 = Release|Any CPU
		{AE8CBA90-9E64-4B45-82E5-B8FDAC06F379}.Debug|Any CPU.ActiveCfg = Debug|Any CPU
		{AE8CBA90-9E64-4B45-82E5-B8FDAC06F379}.Debug|Any CPU.Build.0 = Debug|Any CPU
		{AE8CBA90-9E64-4B45-82E5-B8FDAC06F379}.Release|Any CPU.ActiveCfg = Release|Any CPU
		{AE8CBA90-9E64-4B45-82E5-B8FDAC06F379}.Release|Any CPU.Build.0 = Release|Any CPU
	EndGlobalSection
	GlobalSection(SolutionProperties) = preSolution
		HideSolutionNode = FALSE
	EndGlobalSection
	GlobalSection(NestedProjects) = preSolution
		{9FCF40A8-23F1-4272-9CAE-EFF674145F57} = {698A1F17-6A03-43DD-BCDE-FE527E78346E}
		{070C7BB2-AF07-4A4C-A9CC-6BFB8CA416E6} = {698A1F17-6A03-43DD-BCDE-FE527E78346E}
		{1AA5BA90-02CC-4FD1-81F2-615C374C83A5} = {698A1F17-6A03-43DD-BCDE-FE527E78346E}
		{E2B71A13-9683-4862-B2EB-31050190AFDC} = {698A1F17-6A03-43DD-BCDE-FE527E78346E}
		{8DBCFE15-CA3B-4F7C-A7D6-D73F8F0B91AA} = {698A1F17-6A03-43DD-BCDE-FE527E78346E}
		{76762A04-54F0-4147-BD2B-267372034706} = {698A1F17-6A03-43DD-BCDE-FE527E78346E}
		{02BEAA68-76A1-4ED6-BF6C-7B6935165AD6} = {698A1F17-6A03-43DD-BCDE-FE527E78346E}
	EndGlobalSection
EndGlobal
